// !$*UTF8*$!
{
	archiveVersion = 1;
	classes = {
	};
	objectVersion = 48;
	objects = {

/* Begin PBXBuildFile section */
		3D0A5E462024F36A00E208B4 /* AppDelegate.swift in Sources */ = {isa = PBXBuildFile; fileRef = 3D0A5E452024F36A00E208B4 /* AppDelegate.swift */; };
		3D0A5E482024F36A00E208B4 /* SearchViewController.swift in Sources */ = {isa = PBXBuildFile; fileRef = 3D0A5E472024F36A00E208B4 /* SearchViewController.swift */; };
		3D0A5E4B2024F36A00E208B4 /* Main.storyboard in Resources */ = {isa = PBXBuildFile; fileRef = 3D0A5E492024F36A00E208B4 /* Main.storyboard */; };
		3D0A5E4D2024F36A00E208B4 /* Assets.xcassets in Resources */ = {isa = PBXBuildFile; fileRef = 3D0A5E4C2024F36A00E208B4 /* Assets.xcassets */; };
		3D0A5E502024F36A00E208B4 /* LaunchScreen.storyboard in Resources */ = {isa = PBXBuildFile; fileRef = 3D0A5E4E2024F36A00E208B4 /* LaunchScreen.storyboard */; };
		3D1EBF222024F73600F011CB /* EventTableViewCell.swift in Sources */ = {isa = PBXBuildFile; fileRef = 3D1EBF202024F73600F011CB /* EventTableViewCell.swift */; };
		3D1EBF232024F73600F011CB /* EventTableViewCell.xib in Resources */ = {isa = PBXBuildFile; fileRef = 3D1EBF212024F73600F011CB /* EventTableViewCell.xib */; };
		3D1EBF262024F84100F011CB /* SpeakerTableViewCell.swift in Sources */ = {isa = PBXBuildFile; fileRef = 3D1EBF242024F84100F011CB /* SpeakerTableViewCell.swift */; };
		3D1EBF272024F84100F011CB /* SpeakerTableViewCell.xib in Resources */ = {isa = PBXBuildFile; fileRef = 3D1EBF252024F84100F011CB /* SpeakerTableViewCell.xib */; };
		3D1EBF292025094D00F011CB /* Helpers.swift in Sources */ = {isa = PBXBuildFile; fileRef = 3D1EBF282025094D00F011CB /* Helpers.swift */; };
		3D1EBF2D202597F900F011CB /* Protocols.swift in Sources */ = {isa = PBXBuildFile; fileRef = 3D1EBF2C202597F900F011CB /* Protocols.swift */; };
		3D1EBF2F2026C79B00F011CB /* EventSearchViewPresenter.swift in Sources */ = {isa = PBXBuildFile; fileRef = 3D1EBF2E2026C79B00F011CB /* EventSearchViewPresenter.swift */; };
		3D1EBF312026C7B000F011CB /* EventSearchViewModel.swift in Sources */ = {isa = PBXBuildFile; fileRef = 3D1EBF302026C7B000F011CB /* EventSearchViewModel.swift */; };
		3D1EBF332026C7C500F011CB /* SpeakerSearchViewPresenter.swift in Sources */ = {isa = PBXBuildFile; fileRef = 3D1EBF322026C7C500F011CB /* SpeakerSearchViewPresenter.swift */; };
		3D1EBF352026C7D700F011CB /* SpeakerSearchViewModel.swift in Sources */ = {isa = PBXBuildFile; fileRef = 3D1EBF342026C7D700F011CB /* SpeakerSearchViewModel.swift */; };
/* End PBXBuildFile section */

/* Begin PBXFileReference section */
		3D0A5E422024F36A00E208B4 /* swift-delhi-demo.app */ = {isa = PBXFileReference; explicitFileType = wrapper.application; includeInIndex = 0; path = "swift-delhi-demo.app"; sourceTree = BUILT_PRODUCTS_DIR; };
		3D0A5E452024F36A00E208B4 /* AppDelegate.swift */ = {isa = PBXFileReference; lastKnownFileType = sourcecode.swift; path = AppDelegate.swift; sourceTree = "<group>"; };
		3D0A5E472024F36A00E208B4 /* SearchViewController.swift */ = {isa = PBXFileReference; lastKnownFileType = sourcecode.swift; path = SearchViewController.swift; sourceTree = "<group>"; };
		3D0A5E4A2024F36A00E208B4 /* Base */ = {isa = PBXFileReference; lastKnownFileType = file.storyboard; name = Base; path = Base.lproj/Main.storyboard; sourceTree = "<group>"; };
		3D0A5E4C2024F36A00E208B4 /* Assets.xcassets */ = {isa = PBXFileReference; lastKnownFileType = folder.assetcatalog; path = Assets.xcassets; sourceTree = "<group>"; };
		3D0A5E4F2024F36A00E208B4 /* Base */ = {isa = PBXFileReference; lastKnownFileType = file.storyboard; name = Base; path = Base.lproj/LaunchScreen.storyboard; sourceTree = "<group>"; };
		3D0A5E512024F36A00E208B4 /* Info.plist */ = {isa = PBXFileReference; lastKnownFileType = text.plist.xml; path = Info.plist; sourceTree = "<group>"; };
		3D1EBF202024F73600F011CB /* EventTableViewCell.swift */ = {isa = PBXFileReference; lastKnownFileType = sourcecode.swift; path = EventTableViewCell.swift; sourceTree = "<group>"; };
		3D1EBF212024F73600F011CB /* EventTableViewCell.xib */ = {isa = PBXFileReference; lastKnownFileType = file.xib; path = EventTableViewCell.xib; sourceTree = "<group>"; };
		3D1EBF242024F84100F011CB /* SpeakerTableViewCell.swift */ = {isa = PBXFileReference; lastKnownFileType = sourcecode.swift; path = SpeakerTableViewCell.swift; sourceTree = "<group>"; };
		3D1EBF252024F84100F011CB /* SpeakerTableViewCell.xib */ = {isa = PBXFileReference; lastKnownFileType = file.xib; path = SpeakerTableViewCell.xib; sourceTree = "<group>"; };
		3D1EBF282025094D00F011CB /* Helpers.swift */ = {isa = PBXFileReference; lastKnownFileType = sourcecode.swift; path = Helpers.swift; sourceTree = "<group>"; };
		3D1EBF2C202597F900F011CB /* Protocols.swift */ = {isa = PBXFileReference; lastKnownFileType = sourcecode.swift; path = Protocols.swift; sourceTree = "<group>"; };
		3D1EBF2E2026C79B00F011CB /* EventSearchViewPresenter.swift */ = {isa = PBXFileReference; lastKnownFileType = sourcecode.swift; path = EventSearchViewPresenter.swift; sourceTree = "<group>"; };
		3D1EBF302026C7B000F011CB /* EventSearchViewModel.swift */ = {isa = PBXFileReference; lastKnownFileType = sourcecode.swift; path = EventSearchViewModel.swift; sourceTree = "<group>"; };
		3D1EBF322026C7C500F011CB /* SpeakerSearchViewPresenter.swift */ = {isa = PBXFileReference; lastKnownFileType = sourcecode.swift; path = SpeakerSearchViewPresenter.swift; sourceTree = "<group>"; };
		3D1EBF342026C7D700F011CB /* SpeakerSearchViewModel.swift */ = {isa = PBXFileReference; lastKnownFileType = sourcecode.swift; path = SpeakerSearchViewModel.swift; sourceTree = "<group>"; };
/* End PBXFileReference section */

/* Begin PBXFrameworksBuildPhase section */
		3D0A5E3F2024F36A00E208B4 /* Frameworks */ = {
			isa = PBXFrameworksBuildPhase;
			buildActionMask = 2147483647;
			files = (
			);
			runOnlyForDeploymentPostprocessing = 0;
		};
/* End PBXFrameworksBuildPhase section */

/* Begin PBXGroup section */
		3D0A5E392024F36A00E208B4 = {
			isa = PBXGroup;
			children = (
				3D0A5E442024F36A00E208B4 /* swift-delhi-demo */,
				3D0A5E432024F36A00E208B4 /* Products */,
			);
			sourceTree = "<group>";
		};
		3D0A5E432024F36A00E208B4 /* Products */ = {
			isa = PBXGroup;
			children = (
				3D0A5E422024F36A00E208B4 /* swift-delhi-demo.app */,
			);
			name = Products;
			sourceTree = "<group>";
		};
		3D0A5E442024F36A00E208B4 /* swift-delhi-demo */ = {
			isa = PBXGroup;
			children = (
				3D0A5E452024F36A00E208B4 /* AppDelegate.swift */,
				3D0A5E472024F36A00E208B4 /* SearchViewController.swift */,
				3D1EBF242024F84100F011CB /* SpeakerTableViewCell.swift */,
				3D1EBF252024F84100F011CB /* SpeakerTableViewCell.xib */,
				3D1EBF202024F73600F011CB /* EventTableViewCell.swift */,
				3D1EBF212024F73600F011CB /* EventTableViewCell.xib */,
				3D0A5E492024F36A00E208B4 /* Main.storyboard */,
				3D1EBF282025094D00F011CB /* Helpers.swift */,
				3D1EBF2C202597F900F011CB /* Protocols.swift */,
				3D1EBF2E2026C79B00F011CB /* EventSearchViewPresenter.swift */,
				3D1EBF302026C7B000F011CB /* EventSearchViewModel.swift */,
				3D1EBF322026C7C500F011CB /* SpeakerSearchViewPresenter.swift */,
				3D1EBF342026C7D700F011CB /* SpeakerSearchViewModel.swift */,
				3D0A5E4C2024F36A00E208B4 /* Assets.xcassets */,
				3D0A5E4E2024F36A00E208B4 /* LaunchScreen.storyboard */,
				3D0A5E512024F36A00E208B4 /* Info.plist */,
			);
			path = "swift-delhi-demo";
			sourceTree = "<group>";
		};
/* End PBXGroup section */

/* Begin PBXNativeTarget section */
		3D0A5E412024F36A00E208B4 /* swift-delhi-demo */ = {
			isa = PBXNativeTarget;
			buildConfigurationList = 3D0A5E542024F36A00E208B4 /* Build configuration list for PBXNativeTarget "swift-delhi-demo" */;
			buildPhases = (
				3D0A5E3E2024F36A00E208B4 /* Sources */,
				3D0A5E3F2024F36A00E208B4 /* Frameworks */,
				3D0A5E402024F36A00E208B4 /* Resources */,
			);
			buildRules = (
			);
			dependencies = (
			);
			name = "swift-delhi-demo";
			productName = "swift-delhi-demo";
			productReference = 3D0A5E422024F36A00E208B4 /* swift-delhi-demo.app */;
			productType = "com.apple.product-type.application";
		};
/* End PBXNativeTarget section */

/* Begin PBXProject section */
		3D0A5E3A2024F36A00E208B4 /* Project object */ = {
			isa = PBXProject;
			attributes = {
				LastSwiftUpdateCheck = 0920;
				LastUpgradeCheck = 0920;
				ORGANIZATIONNAME = "Ritesh Gupta";
				TargetAttributes = {
					3D0A5E412024F36A00E208B4 = {
						CreatedOnToolsVersion = 9.2;
						ProvisioningStyle = Automatic;
					};
				};
			};
			buildConfigurationList = 3D0A5E3D2024F36A00E208B4 /* Build configuration list for PBXProject "swift-delhi-demo" */;
			compatibilityVersion = "Xcode 8.0";
			developmentRegion = en;
			hasScannedForEncodings = 0;
			knownRegions = (
				en,
				Base,
			);
			mainGroup = 3D0A5E392024F36A00E208B4;
			productRefGroup = 3D0A5E432024F36A00E208B4 /* Products */;
			projectDirPath = "";
			projectRoot = "";
			targets = (
				3D0A5E412024F36A00E208B4 /* swift-delhi-demo */,
			);
		};
/* End PBXProject section */

/* Begin PBXResourcesBuildPhase section */
		3D0A5E402024F36A00E208B4 /* Resources */ = {
			isa = PBXResourcesBuildPhase;
			buildActionMask = 2147483647;
			files = (
				3D1EBF272024F84100F011CB /* SpeakerTableViewCell.xib in Resources */,
				3D1EBF232024F73600F011CB /* EventTableViewCell.xib in Resources */,
				3D0A5E502024F36A00E208B4 /* LaunchScreen.storyboard in Resources */,
				3D0A5E4D2024F36A00E208B4 /* Assets.xcassets in Resources */,
				3D0A5E4B2024F36A00E208B4 /* Main.storyboard in Resources */,
			);
			runOnlyForDeploymentPostprocessing = 0;
		};
/* End PBXResourcesBuildPhase section */

/* Begin PBXSourcesBuildPhase section */
		3D0A5E3E2024F36A00E208B4 /* Sources */ = {
			isa = PBXSourcesBuildPhase;
			buildActionMask = 2147483647;
			files = (
				3D1EBF2F2026C79B00F011CB /* EventSearchViewPresenter.swift in Sources */,
				3D1EBF312026C7B000F011CB /* EventSearchViewModel.swift in Sources */,
				3D1EBF222024F73600F011CB /* EventTableViewCell.swift in Sources */,
				3D0A5E482024F36A00E208B4 /* SearchViewController.swift in Sources */,
				3D0A5E462024F36A00E208B4 /* AppDelegate.swift in Sources */,
				3D1EBF2D202597F900F011CB /* Protocols.swift in Sources */,
				3D1EBF352026C7D700F011CB /* SpeakerSearchViewModel.swift in Sources */,
				3D1EBF292025094D00F011CB /* Helpers.swift in Sources */,
				3D1EBF262024F84100F011CB /* SpeakerTableViewCell.swift in Sources */,
				3D1EBF332026C7C500F011CB /* SpeakerSearchViewPresenter.swift in Sources */,
			);
			runOnlyForDeploymentPostprocessing = 0;
		};
/* End PBXSourcesBuildPhase section */

/* Begin PBXVariantGroup section */
		3D0A5E492024F36A00E208B4 /* Main.storyboard */ = {
			isa = PBXVariantGroup;
			children = (
				3D0A5E4A2024F36A00E208B4 /* Base */,
			);
			name = Main.storyboard;
			sourceTree = "<group>";
		};
		3D0A5E4E2024F36A00E208B4 /* LaunchScreen.storyboard */ = {
			isa = PBXVariantGroup;
			children = (
				3D0A5E4F2024F36A00E208B4 /* Base */,
			);
			name = LaunchScreen.storyboard;
			sourceTree = "<group>";
		};
/* End PBXVariantGroup section */

/* Begin XCBuildConfiguration section */
		3D0A5E522024F36A00E208B4 /* Debug */ = {
			isa = XCBuildConfiguration;
			buildSettings = {
				ALWAYS_SEARCH_USER_PATHS = NO;
				CLANG_ANALYZER_NONNULL = YES;
				CLANG_ANALYZER_NUMBER_OBJECT_CONVERSION = YES_AGGRESSIVE;
				CLANG_CXX_LANGUAGE_STANDARD = "gnu++14";
				CLANG_CXX_LIBRARY = "libc++";
				CLANG_ENABLE_MODULES = YES;
				CLANG_ENABLE_OBJC_ARC = YES;
				CLANG_WARN_BLOCK_CAPTURE_AUTORELEASING = YES;
				CLANG_WARN_BOOL_CONVERSION = YES;
				CLANG_WARN_COMMA = YES;
				CLANG_WARN_CONSTANT_CONVERSION = YES;
				CLANG_WARN_DIRECT_OBJC_ISA_USAGE = YES_ERROR;
				CLANG_WARN_DOCUMENTATION_COMMENTS = YES;
				CLANG_WARN_EMPTY_BODY = YES;
				CLANG_WARN_ENUM_CONVERSION = YES;
				CLANG_WARN_INFINITE_RECURSION = YES;
				CLANG_WARN_INT_CONVERSION = YES;
				CLANG_WARN_NON_LITERAL_NULL_CONVERSION = YES;
				CLANG_WARN_OBJC_LITERAL_CONVERSION = YES;
				CLANG_WARN_OBJC_ROOT_CLASS = YES_ERROR;
				CLANG_WARN_RANGE_LOOP_ANALYSIS = YES;
				CLANG_WARN_STRICT_PROTOTYPES = YES;
				CLANG_WARN_SUSPICIOUS_MOVE = YES;
				CLANG_WARN_UNGUARDED_AVAILABILITY = YES_AGGRESSIVE;
				CLANG_WARN_UNREACHABLE_CODE = YES;
				CLANG_WARN__DUPLICATE_METHOD_MATCH = YES;
				CODE_SIGN_IDENTITY = "iPhone Developer";
				COPY_PHASE_STRIP = NO;
				DEBUG_INFORMATION_FORMAT = dwarf;
				ENABLE_STRICT_OBJC_MSGSEND = YES;
				ENABLE_TESTABILITY = YES;
				GCC_C_LANGUAGE_STANDARD = gnu11;
				GCC_DYNAMIC_NO_PIC = NO;
				GCC_NO_COMMON_BLOCKS = YES;
				GCC_OPTIMIZATION_LEVEL = 0;
				GCC_PREPROCESSOR_DEFINITIONS = (
					"DEBUG=1",
					"$(inherited)",
				);
				GCC_WARN_64_TO_32_BIT_CONVERSION = YES;
				GCC_WARN_ABOUT_RETURN_TYPE = YES_ERROR;
				GCC_WARN_UNDECLARED_SELECTOR = YES;
				GCC_WARN_UNINITIALIZED_AUTOS = YES_AGGRESSIVE;
				GCC_WARN_UNUSED_FUNCTION = YES;
				GCC_WARN_UNUSED_VARIABLE = YES;
				IPHONEOS_DEPLOYMENT_TARGET = 11.2;
				MTL_ENABLE_DEBUG_INFO = YES;
				ONLY_ACTIVE_ARCH = YES;
				SDKROOT = iphoneos;
				SWIFT_ACTIVE_COMPILATION_CONDITIONS = DEBUG;
				SWIFT_OPTIMIZATION_LEVEL = "-Onone";
			};
			name = Debug;
		};
		3D0A5E532024F36A00E208B4 /* Release */ = {
			isa = XCBuildConfiguration;
			buildSettings = {
				ALWAYS_SEARCH_USER_PATHS = NO;
				CLANG_ANALYZER_NONNULL = YES;
				CLANG_ANALYZER_NUMBER_OBJECT_CONVERSION = YES_AGGRESSIVE;
				CLANG_CXX_LANGUAGE_STANDARD = "gnu++14";
				CLANG_CXX_LIBRARY = "libc++";
				CLANG_ENABLE_MODULES = YES;
				CLANG_ENABLE_OBJC_ARC = YES;
				CLANG_WARN_BLOCK_CAPTURE_AUTORELEASING = YES;
				CLANG_WARN_BOOL_CONVERSION = YES;
				CLANG_WARN_COMMA = YES;
				CLANG_WARN_CONSTANT_CONVERSION = YES;
				CLANG_WARN_DIRECT_OBJC_ISA_USAGE = YES_ERROR;
				CLANG_WARN_DOCUMENTATION_COMMENTS = YES;
				CLANG_WARN_EMPTY_BODY = YES;
				CLANG_WARN_ENUM_CONVERSION = YES;
				CLANG_WARN_INFINITE_RECURSION = YES;
				CLANG_WARN_INT_CONVERSION = YES;
				CLANG_WARN_NON_LITERAL_NULL_CONVERSION = YES;
				CLANG_WARN_OBJC_LITERAL_CONVERSION = YES;
				CLANG_WARN_OBJC_ROOT_CLASS = YES_ERROR;
				CLANG_WARN_RANGE_LOOP_ANALYSIS = YES;
				CLANG_WARN_STRICT_PROTOTYPES = YES;
				CLANG_WARN_SUSPICIOUS_MOVE = YES;
				CLANG_WARN_UNGUARDED_AVAILABILITY = YES_AGGRESSIVE;
				CLANG_WARN_UNREACHABLE_CODE = YES;
				CLANG_WARN__DUPLICATE_METHOD_MATCH = YES;
				CODE_SIGN_IDENTITY = "iPhone Developer";
				COPY_PHASE_STRIP = NO;
				DEBUG_INFORMATION_FORMAT = "dwarf-with-dsym";
				ENABLE_NS_ASSERTIONS = NO;
				ENABLE_STRICT_OBJC_MSGSEND = YES;
				GCC_C_LANGUAGE_STANDARD = gnu11;
				GCC_NO_COMMON_BLOCKS = YES;
				GCC_WARN_64_TO_32_BIT_CONVERSION = YES;
				GCC_WARN_ABOUT_RETURN_TYPE = YES_ERROR;
				GCC_WARN_UNDECLARED_SELECTOR = YES;
				GCC_WARN_UNINITIALIZED_AUTOS = YES_AGGRESSIVE;
				GCC_WARN_UNUSED_FUNCTION = YES;
				GCC_WARN_UNUSED_VARIABLE = YES;
				IPHONEOS_DEPLOYMENT_TARGET = 11.2;
				MTL_ENABLE_DEBUG_INFO = NO;
				SDKROOT = iphoneos;
				SWIFT_OPTIMIZATION_LEVEL = "-Owholemodule";
				VALIDATE_PRODUCT = YES;
			};
			name = Release;
		};
		3D0A5E552024F36A00E208B4 /* Debug */ = {
			isa = XCBuildConfiguration;
			buildSettings = {
				ASSETCATALOG_COMPILER_APPICON_NAME = AppIcon;
				CODE_SIGN_STYLE = Automatic;
				DEVELOPMENT_TEAM = G436LJ5F52;
				INFOPLIST_FILE = "swift-delhi-demo/Info.plist";
				LD_RUNPATH_SEARCH_PATHS = "$(inherited) @executable_path/Frameworks";
				PRODUCT_BUNDLE_IDENTIFIER = "com.ritesh.swift-delhi-demo";
				PRODUCT_NAME = "$(TARGET_NAME)";
				SWIFT_VERSION = 4.0;
				TARGETED_DEVICE_FAMILY = "1,2";
			};
			name = Debug;
		};
		3D0A5E562024F36A00E208B4 /* Release */ = {
			isa = XCBuildConfiguration;
			buildSettings = {
				ASSETCATALOG_COMPILER_APPICON_NAME = AppIcon;
				CODE_SIGN_STYLE = Automatic;
				DEVELOPMENT_TEAM = G436LJ5F52;
				INFOPLIST_FILE = "swift-delhi-demo/Info.plist";
				LD_RUNPATH_SEARCH_PATHS = "$(inherited) @executable_path/Frameworks";
				PRODUCT_BUNDLE_IDENTIFIER = "com.ritesh.swift-delhi-demo";
				PRODUCT_NAME = "$(TARGET_NAME)";
				SWIFT_VERSION = 4.0;
				TARGETED_DEVICE_FAMILY = "1,2";
			};
			name = Release;
		};
/* End XCBuildConfiguration section */

/* Begin XCConfigurationList section */
		3D0A5E3D2024F36A00E208B4 /* Build configuration list for PBXProject "swift-delhi-demo" */ = {
			isa = XCConfigurationList;
			buildConfigurations = (
				3D0A5E522024F36A00E208B4 /* Debug */,
				3D0A5E532024F36A00E208B4 /* Release */,
			);
			defaultConfigurationIsVisible = 0;
			defaultConfigurationName = Release;
		};
		3D0A5E542024F36A00E208B4 /* Build configuration list for PBXNativeTarget "swift-delhi-demo" */ = {
			isa = XCConfigurationList;
			buildConfigurations = (
				3D0A5E552024F36A00E208B4 /* Debug */,
				3D0A5E562024F36A00E208B4 /* Release */,
			);
			defaultConfigurationIsVisible = 0;
			defaultConfigurationName = Release;
		};
/* End XCConfigurationList section */
	};
	rootObject = 3D0A5E3A2024F36A00E208B4 /* Project object */;
}
